{
  "nodes": {
    "flake-utils": {
      "locked": {
        "lastModified": 1653893745,
        "narHash": "sha256-0jntwV3Z8//YwuOjzhV2sgJJPt+HY6KhU7VZUL0fKZQ=",
        "owner": "numtide",
        "repo": "flake-utils",
        "rev": "1ed9fb1935d260de5fe1c2f7ee0ebaae17ed2fa1",
        "type": "github"
      },
      "original": {
        "owner": "numtide",
        "repo": "flake-utils",
        "type": "github"
      }
    },
    "nixpkgs": {
      "locked": {
        "lastModified": 1654593855,
        "narHash": "sha256-c+SyXvj7THre87OyIdZfRVR+HhI/g1ZDrQ3VUtTuHkU=",
        "owner": "NixOS",
        "repo": "nixpkgs",
        "rev": "033bd4fa9a8fbe0c68a88e925d9a884161044b25",
        "type": "github"
      },
      "original": {
        "owner": "NixOS",
        "ref": "nixos-unstable",
        "repo": "nixpkgs",
        "type": "github"
      }
    },
    "plover": {
      "flake": false,
      "locked": {
        "lastModified": 1652639506,
        "narHash": "sha256-2sS5jnpIHV2j23vDMS4ka2neRTcEyLH+zs7Og+Ysjvg=",
        "owner": "openstenoproject",
        "repo": "plover",
        "rev": "486a032f7bd50d1df3ddff47f407e77a4cfe0bc6",
        "type": "github"
      },
      "original": {
        "owner": "openstenoproject",
        "repo": "plover",
        "type": "github"
      }
    },
    "plover-plugins-manager": {
      "flake": false,
      "locked": {
        "lastModified": 1636062295,
        "narHash": "sha256-+ASEFxjIeqOwwIwojOltA4nAG/HMz+px+wMXuCOc+Dw=",
        "owner": "benoit-pierre",
        "repo": "plover_plugins_manager",
        "rev": "d976d8a3dfd45e35da9697393f6708429f93ed6e",
        "type": "github"
      },
      "original": {
        "owner": "benoit-pierre",
        "repo": "plover_plugins_manager",
        "type": "github"
      }
    },
    "plover-stroke": {
      "flake": false,
      "locked": {
        "lastModified": 1652559629,
        "narHash": "sha256-A75OMzmEn0VmDAvmQCp6/7uptxzwWJTwsih3kWlYioA=",
        "owner": "benoit-pierre",
        "repo": "plover_stroke",
        "rev": "e717a1983b58dcba644153a542dbf8514425a39b",
        "type": "github"
      },
      "original": {
        "owner": "benoit-pierre",
        "repo": "plover_stroke",
        "type": "github"
      }
    },
    "root": {
      "inputs": {
        "flake-utils": "flake-utils",
        "nixpkgs": "nixpkgs",
        "plover": "plover",
        "plover-plugins-manager": "plover-plugins-manager",
        "plover-stroke": "plover-stroke",
        "rtf-tokenize": "rtf-tokenize"
      }
    },
    "rtf-tokenize": {
      "flake": false,
      "locked": {
        "lastModified": 1633915168,
        "narHash": "sha256-zwD2sRYTY1Kmm/Ag2hps9VRdUyQoi4zKtDPR+F52t9A=",
        "owner": "benoit-pierre",
        "repo": "rtf_tokenize",
        "rev": "509b009b97077d5abcebe53d46ca6b67c3438a2c",
        "type": "github"
      },
      "original": {
        "owner": "benoit-pierre",
        "repo": "rtf_tokenize",
        "type": "github"
      }
    }
  },
  "root": "root",
  "version": 7
}
