{
  "nodes": {
    "flake-utils": {
      "locked": {
        "lastModified": 1659877975,
        "narHash": "sha256-zllb8aq3YO3h8B/U0/J1WBgAL8EX5yWf5pMj3G0NAmc=",
        "owner": "numtide",
        "repo": "flake-utils",
        "rev": "c0e246b9b83f637f4681389ecabcb2681b4f3af0",
        "type": "github"
      },
      "original": {
        "owner": "numtide",
        "repo": "flake-utils",
        "type": "github"
      }
    },
    "nixpkgs": {
      "locked": {
        "lastModified": 1666447894,
        "narHash": "sha256-i9WHX4w/et4qPMzEXd9POmnO0/bthjr7R4cblKNHGms=",
        "owner": "NixOS",
        "repo": "nixpkgs",
        "rev": "95aeaf83c247b8f5aa561684317ecd860476fcd6",
        "type": "github"
      },
      "original": {
        "owner": "NixOS",
        "ref": "nixos-unstable",
        "repo": "nixpkgs",
        "type": "github"
      }
    },
    "plover": {
      "flake": false,
      "locked": {
        "lastModified": 1659998456,
        "narHash": "sha256-qK6Z97r5dr5Hr0JkY5WaqYE67FEiXi12Pu7Y+wS0Zm4=",
        "owner": "openstenoproject",
        "repo": "plover",
        "rev": "3066a9a47269861ac1d66f8f05cdb26f7251b98d",
        "type": "github"
      },
      "original": {
        "owner": "openstenoproject",
        "repo": "plover",
        "type": "github"
      }
    },
    "plover-plugins-manager": {
      "flake": false,
      "locked": {
        "lastModified": 1656369175,
        "narHash": "sha256-g9YmRiItiG3aQ8KUQOnLWpLEQ+WthM0IoXVP3x7cv5g=",
        "owner": "benoit-pierre",
        "repo": "plover_plugins_manager",
        "rev": "160394370e1fae3b485b7ac0c3282b84b0fa1f63",
        "type": "github"
      },
      "original": {
        "owner": "benoit-pierre",
        "repo": "plover_plugins_manager",
        "type": "github"
      }
    },
    "plover-stroke": {
      "flake": false,
      "locked": {
        "lastModified": 1652559629,
        "narHash": "sha256-A75OMzmEn0VmDAvmQCp6/7uptxzwWJTwsih3kWlYioA=",
        "owner": "benoit-pierre",
        "repo": "plover_stroke",
        "rev": "e717a1983b58dcba644153a542dbf8514425a39b",
        "type": "github"
      },
      "original": {
        "owner": "benoit-pierre",
        "repo": "plover_stroke",
        "type": "github"
      }
    },
    "root": {
      "inputs": {
        "flake-utils": "flake-utils",
        "nixpkgs": "nixpkgs",
        "plover": "plover",
        "plover-plugins-manager": "plover-plugins-manager",
        "plover-stroke": "plover-stroke",
        "rtf-tokenize": "rtf-tokenize"
      }
    },
    "rtf-tokenize": {
      "flake": false,
      "locked": {
        "lastModified": 1633915168,
        "narHash": "sha256-zwD2sRYTY1Kmm/Ag2hps9VRdUyQoi4zKtDPR+F52t9A=",
        "owner": "benoit-pierre",
        "repo": "rtf_tokenize",
        "rev": "509b009b97077d5abcebe53d46ca6b67c3438a2c",
        "type": "github"
      },
      "original": {
        "owner": "benoit-pierre",
        "repo": "rtf_tokenize",
        "type": "github"
      }
    }
  },
  "root": "root",
  "version": 7
}
